
Microsoft Visual Studio Solution File, Format Version 12.00
# Visual Studio 15
VisualStudioVersion = 15.0.27004.2005
MinimumVisualStudioVersion = 10.0.40219.1
Project("{8BC9CEB8-8B4A-11D0-8D11-00A0C91BC942}") = "RpcWrappersGenerator", "RpcWrappersGenerator\RpcWrappersGenerator.vcxproj", "{9D847C34-71C2-4953-966A-085FF264D105}"
	ProjectSection(ProjectDependencies) = postProject
		{436BE150-0212-4851-B7B5-1A09E5165FE9} = {436BE150-0212-4851-B7B5-1A09E5165FE9}
	EndProjectSection
EndProject
Project("{8BC9CEB8-8B4A-11D0-8D11-00A0C91BC942}") = "RpcApiStorage", "RpcApiStorage\RpcApiStorage.vcxproj", "{436BE150-0212-4851-B7B5-1A09E5165FE9}"
EndProject
Global
	GlobalSection(SolutionConfigurationPlatforms) = preSolution
		Debug|x64 = Debug|x64
		Debug|x86 = Debug|x86
		Release|x64 = Release|x64
		Release|x86 = Release|x86
	EndGlobalSection
	GlobalSection(ProjectConfigurationPlatforms) = postSolution
		{9D847C34-71C2-4953-966A-085FF264D105}.Debug|x64.ActiveCfg = Debug|x64
		{9D847C34-71C2-4953-966A-085FF264D105}.Debug|x64.Build.0 = Debug|x64
		{9D847C34-71C2-4953-966A-085FF264D105}.Debug|x86.ActiveCfg = Debug|Win32
		{9D847C34-71C2-4953-966A-085FF264D105}.Debug|x86.Build.0 = Debug|Win32
		{9D847C34-71C2-4953-966A-085FF264D105}.Release|x64.ActiveCfg = Release|x64
		{9D847C34-71C2-4953-966A-085FF264D105}.Release|x64.Build.0 = Release|x64
		{9D847C34-71C2-4953-966A-085FF264D105}.Release|x86.ActiveCfg = Release|Win32
		{9D847C34-71C2-4953-966A-085FF264D105}.Release|x86.Build.0 = Release|Win32
		{436BE150-0212-4851-B7B5-1A09E5165FE9}.Debug|x64.ActiveCfg = Debug|x64
		{436BE150-0212-4851-B7B5-1A09E5165FE9}.Debug|x64.Build.0 = Debug|x64
		{436BE150-0212-4851-B7B5-1A09E5165FE9}.Debug|x86.ActiveCfg = Debug|Win32
		{436BE150-0212-4851-B7B5-1A09E5165FE9}.Debug|x86.Build.0 = Debug|Win32
		{436BE150-0212-4851-B7B5-1A09E5165FE9}.Release|x64.ActiveCfg = Release|x64
		{436BE150-0212-4851-B7B5-1A09E5165FE9}.Release|x64.Build.0 = Release|x64
		{436BE150-0212-4851-B7B5-1A09E5165FE9}.Release|x86.ActiveCfg = Release|Win32
		{436BE150-0212-4851-B7B5-1A09E5165FE9}.Release|x86.Build.0 = Release|Win32
	EndGlobalSection
	GlobalSection(SolutionProperties) = preSolution
		HideSolutionNode = FALSE
	EndGlobalSection
	GlobalSection(ExtensibilityGlobals) = postSolution
		SolutionGuid = {E8562F51-A35D-456A-AF84-3418BDB133E4}
	EndGlobalSection
EndGlobal
